
Microsoft Visual Studio Solution File, Format Version 12.00
# Visual Studio 2012
Project("{FAE04EC0-301F-11D3-BF4B-00C04F79EFBC}") = "EvolveSharp", "EvolveSharp\EvolveSharp.csproj", "{BD607AA2-7660-4946-8383-623E5E842BBC}"
EndProject
Project("{2150E333-8FDC-42A3-9474-1A3956D46DE8}") = "Samples", "Samples", "{CE4B0B63-EFAF-4418-8156-F142E8FDD06D}"
EndProject
Project("{FAE04EC0-301F-11D3-BF4B-00C04F79EFBC}") = "EvolveSharp.Samples.Tsp", "Samples\Tsp\EvolveSharp.Samples.Tsp.csproj", "{BADBF639-DDAD-4ACE-BDD2-03499E51328F}"
EndProject
Global
	GlobalSection(SolutionConfigurationPlatforms) = preSolution
		Debug|Any CPU = Debug|Any CPU
		Debug|Mixed Platforms = Debug|Mixed Platforms
		Debug|x86 = Debug|x86
		Release|Any CPU = Release|Any CPU
		Release|Mixed Platforms = Release|Mixed Platforms
		Release|x86 = Release|x86
	EndGlobalSection
	GlobalSection(ProjectConfigurationPlatforms) = postSolution
		{BD607AA2-7660-4946-8383-623E5E842BBC}.Debug|Any CPU.ActiveCfg = Debug|Any CPU
		{BD607AA2-7660-4946-8383-623E5E842BBC}.Debug|Any CPU.Build.0 = Debug|Any CPU
		{BD607AA2-7660-4946-8383-623E5E842BBC}.Debug|Mixed Platforms.ActiveCfg = Debug|Any CPU
		{BD607AA2-7660-4946-8383-623E5E842BBC}.Debug|Mixed Platforms.Build.0 = Debug|Any CPU
		{BD607AA2-7660-4946-8383-623E5E842BBC}.Debug|x86.ActiveCfg = Debug|Any CPU
		{BD607AA2-7660-4946-8383-623E5E842BBC}.Release|Any CPU.ActiveCfg = Release|Any CPU
		{BD607AA2-7660-4946-8383-623E5E842BBC}.Release|Any CPU.Build.0 = Release|Any CPU
		{BD607AA2-7660-4946-8383-623E5E842BBC}.Release|Mixed Platforms.ActiveCfg = Release|Any CPU
		{BD607AA2-7660-4946-8383-623E5E842BBC}.Release|Mixed Platforms.Build.0 = Release|Any CPU
		{BD607AA2-7660-4946-8383-623E5E842BBC}.Release|x86.ActiveCfg = Release|Any CPU
		{BADBF639-DDAD-4ACE-BDD2-03499E51328F}.Debug|Any CPU.ActiveCfg = Debug|Any CPU
		{BADBF639-DDAD-4ACE-BDD2-03499E51328F}.Debug|Any CPU.Build.0 = Debug|Any CPU
		{BADBF639-DDAD-4ACE-BDD2-03499E51328F}.Debug|Mixed Platforms.ActiveCfg = Debug|Any CPU
		{BADBF639-DDAD-4ACE-BDD2-03499E51328F}.Debug|Mixed Platforms.Build.0 = Debug|Any CPU
		{BADBF639-DDAD-4ACE-BDD2-03499E51328F}.Debug|x86.ActiveCfg = Debug|Any CPU
		{BADBF639-DDAD-4ACE-BDD2-03499E51328F}.Release|Any CPU.ActiveCfg = Release|Any CPU
		{BADBF639-DDAD-4ACE-BDD2-03499E51328F}.Release|Any CPU.Build.0 = Release|Any CPU
		{BADBF639-DDAD-4ACE-BDD2-03499E51328F}.Release|Mixed Platforms.ActiveCfg = Release|Any CPU
		{BADBF639-DDAD-4ACE-BDD2-03499E51328F}.Release|Mixed Platforms.Build.0 = Release|Any CPU
		{BADBF639-DDAD-4ACE-BDD2-03499E51328F}.Release|x86.ActiveCfg = Release|Any CPU
	EndGlobalSection
	GlobalSection(SolutionProperties) = preSolution
		HideSolutionNode = FALSE
	EndGlobalSection
	GlobalSection(NestedProjects) = preSolution
		{BADBF639-DDAD-4ACE-BDD2-03499E51328F} = {CE4B0B63-EFAF-4418-8156-F142E8FDD06D}
	EndGlobalSection
EndGlobal
